
Microsoft Visual Studio Solution File, Format Version 12.00
# Visual Studio Version 16
VisualStudioVersion = 16.0.32413.511
MinimumVisualStudioVersion = 10.0.40219.1
Project("{8BC9CEB8-8B4A-11D0-8D11-00A0C91BC942}") = "Travelling Salesman Problem", "Travelling Salesman Problem\Travelling Salesman Problem.vcxproj", "{B5AF7B1D-7356-4862-932D-E51F9A7F7819}"
EndProject
Global
	GlobalSection(SolutionConfigurationPlatforms) = preSolution
		Debug|x64 = Debug|x64
		Debug|x86 = Debug|x86
		Release|x64 = Release|x64
		Release|x86 = Release|x86
	EndGlobalSection
	GlobalSection(ProjectConfigurationPlatforms) = postSolution
		{B5AF7B1D-7356-4862-932D-E51F9A7F7819}.Debug|x64.ActiveCfg = Debug|x64
		{B5AF7B1D-7356-4862-932D-E51F9A7F7819}.Debug|x64.Build.0 = Debug|x64
		{B5AF7B1D-7356-4862-932D-E51F9A7F7819}.Debug|x86.ActiveCfg = Debug|Win32
		{B5AF7B1D-7356-4862-932D-E51F9A7F7819}.Debug|x86.Build.0 = Debug|Win32
		{B5AF7B1D-7356-4862-932D-E51F9A7F7819}.Release|x64.ActiveCfg = Release|x64
		{B5AF7B1D-7356-4862-932D-E51F9A7F7819}.Release|x64.Build.0 = Release|x64
		{B5AF7B1D-7356-4862-932D-E51F9A7F7819}.Release|x86.ActiveCfg = Release|Win32
		{B5AF7B1D-7356-4862-932D-E51F9A7F7819}.Release|x86.Build.0 = Release|Win32
	EndGlobalSection
	GlobalSection(SolutionProperties) = preSolution
		HideSolutionNode = FALSE
	EndGlobalSection
	GlobalSection(ExtensibilityGlobals) = postSolution
		SolutionGuid = {E46D6164-3FD5-44AA-85C2-CB5C85A287F2}
	EndGlobalSection
EndGlobal
